// !$*UTF8*$!
{
	archiveVersion = 1;
	classes = {
	};
	objectVersion = 50;
	objects = {

/* Begin PBXBuildFile section */
		673D81DE221ADA31008F682A /* ContentViewController.swift in Sources */ = {isa = PBXBuildFile; fileRef = 673D81DD221ADA31008F682A /* ContentViewController.swift */; };
		673D81E0221ADA4F008F682A /* PageViewController.swift in Sources */ = {isa = PBXBuildFile; fileRef = 673D81DF221ADA4F008F682A /* PageViewController.swift */; };
		673D81E3221BBAB5008F682A /* AboutTableViewController.swift in Sources */ = {isa = PBXBuildFile; fileRef = 673D81E2221BBAB5008F682A /* AboutTableViewController.swift */; };
		673D81E5221BC0E7008F682A /* WebViewController.swift in Sources */ = {isa = PBXBuildFile; fileRef = 673D81E4221BC0E7008F682A /* WebViewController.swift */; };
		673D81E7221BD126008F682A /* PopularTableViewController.swift in Sources */ = {isa = PBXBuildFile; fileRef = 673D81E6221BD126008F682A /* PopularTableViewController.swift */; };
		67E228B42211486F00AA4845 /* AppDelegate.swift in Sources */ = {isa = PBXBuildFile; fileRef = 67E228B32211486F00AA4845 /* AppDelegate.swift */; };
		67E228B92211486F00AA4845 /* Main.storyboard in Resources */ = {isa = PBXBuildFile; fileRef = 67E228B72211486F00AA4845 /* Main.storyboard */; };
		67E228BB2211487100AA4845 /* Assets.xcassets in Resources */ = {isa = PBXBuildFile; fileRef = 67E228BA2211487100AA4845 /* Assets.xcassets */; };
		67E228BE2211487100AA4845 /* LaunchScreen.storyboard in Resources */ = {isa = PBXBuildFile; fileRef = 67E228BC2211487100AA4845 /* LaunchScreen.storyboard */; };
		67E228C62211499F00AA4845 /* EateriesTableViewController.swift in Sources */ = {isa = PBXBuildFile; fileRef = 67E228C52211499F00AA4845 /* EateriesTableViewController.swift */; };
		67E228C822114E1700AA4845 /* EateriesTableViewCell.swift in Sources */ = {isa = PBXBuildFile; fileRef = 67E228C722114E1700AA4845 /* EateriesTableViewCell.swift */; };
		67E228CA22128BB500AA4845 /* EateryDetailViewController.swift in Sources */ = {isa = PBXBuildFile; fileRef = 67E228C922128BB500AA4845 /* EateryDetailViewController.swift */; };
		67E228CE2212972800AA4845 /* EateryDetailTableViewCell.swift in Sources */ = {isa = PBXBuildFile; fileRef = 67E228CD2212972800AA4845 /* EateryDetailTableViewCell.swift */; };
		67E228D12213E60300AA4845 /* RateViewController.swift in Sources */ = {isa = PBXBuildFile; fileRef = 67E228D02213E60300AA4845 /* RateViewController.swift */; };
		67E228D32215138A00AA4845 /* MapViewController.swift in Sources */ = {isa = PBXBuildFile; fileRef = 67E228D22215138A00AA4845 /* MapViewController.swift */; };
		67E228D62215141400AA4845 /* MapKit.framework in Frameworks */ = {isa = PBXBuildFile; fileRef = 67E228D52215141400AA4845 /* MapKit.framework */; };
		67E228D822152B9900AA4845 /* NewEateryTableViewController.swift in Sources */ = {isa = PBXBuildFile; fileRef = 67E228D722152B9900AA4845 /* NewEateryTableViewController.swift */; };
		67E228FB2216B5AD00AA4845 /* CoreDataStack.swift in Sources */ = {isa = PBXBuildFile; fileRef = 67E228FA2216B5AD00AA4845 /* CoreDataStack.swift */; };
		67E228FE2216B6D600AA4845 /* Eateries.xcdatamodeld in Sources */ = {isa = PBXBuildFile; fileRef = 67E228FC2216B6D600AA4845 /* Eateries.xcdatamodeld */; };
/* End PBXBuildFile section */

/* Begin PBXFileReference section */
		673D81DD221ADA31008F682A /* ContentViewController.swift */ = {isa = PBXFileReference; lastKnownFileType = sourcecode.swift; path = ContentViewController.swift; sourceTree = "<group>"; };
		673D81DF221ADA4F008F682A /* PageViewController.swift */ = {isa = PBXFileReference; lastKnownFileType = sourcecode.swift; path = PageViewController.swift; sourceTree = "<group>"; };
		673D81E2221BBAB5008F682A /* AboutTableViewController.swift */ = {isa = PBXFileReference; lastKnownFileType = sourcecode.swift; path = AboutTableViewController.swift; sourceTree = "<group>"; };
		673D81E4221BC0E7008F682A /* WebViewController.swift */ = {isa = PBXFileReference; lastKnownFileType = sourcecode.swift; path = WebViewController.swift; sourceTree = "<group>"; };
		673D81E6221BD126008F682A /* PopularTableViewController.swift */ = {isa = PBXFileReference; lastKnownFileType = sourcecode.swift; path = PopularTableViewController.swift; sourceTree = "<group>"; };
		67E228B02211486F00AA4845 /* Eateries.app */ = {isa = PBXFileReference; explicitFileType = wrapper.application; includeInIndex = 0; path = Eateries.app; sourceTree = BUILT_PRODUCTS_DIR; };
		67E228B32211486F00AA4845 /* AppDelegate.swift */ = {isa = PBXFileReference; lastKnownFileType = sourcecode.swift; path = AppDelegate.swift; sourceTree = "<group>"; };
		67E228B82211486F00AA4845 /* Base */ = {isa = PBXFileReference; lastKnownFileType = file.storyboard; name = Base; path = Base.lproj/Main.storyboard; sourceTree = "<group>"; };
		67E228BA2211487100AA4845 /* Assets.xcassets */ = {isa = PBXFileReference; lastKnownFileType = folder.assetcatalog; path = Assets.xcassets; sourceTree = "<group>"; };
		67E228BD2211487100AA4845 /* Base */ = {isa = PBXFileReference; lastKnownFileType = file.storyboard; name = Base; path = Base.lproj/LaunchScreen.storyboard; sourceTree = "<group>"; };
		67E228BF2211487100AA4845 /* Info.plist */ = {isa = PBXFileReference; lastKnownFileType = text.plist.xml; path = Info.plist; sourceTree = "<group>"; };
		67E228C52211499F00AA4845 /* EateriesTableViewController.swift */ = {isa = PBXFileReference; lastKnownFileType = sourcecode.swift; path = EateriesTableViewController.swift; sourceTree = "<group>"; };
		67E228C722114E1700AA4845 /* EateriesTableViewCell.swift */ = {isa = PBXFileReference; lastKnownFileType = sourcecode.swift; path = EateriesTableViewCell.swift; sourceTree = "<group>"; };
		67E228C922128BB500AA4845 /* EateryDetailViewController.swift */ = {isa = PBXFileReference; lastKnownFileType = sourcecode.swift; path = EateryDetailViewController.swift; sourceTree = "<group>"; };
		67E228CD2212972800AA4845 /* EateryDetailTableViewCell.swift */ = {isa = PBXFileReference; lastKnownFileType = sourcecode.swift; path = EateryDetailTableViewCell.swift; sourceTree = "<group>"; };
		67E228D02213E60300AA4845 /* RateViewController.swift */ = {isa = PBXFileReference; lastKnownFileType = sourcecode.swift; path = RateViewController.swift; sourceTree = "<group>"; };
		67E228D22215138A00AA4845 /* MapViewController.swift */ = {isa = PBXFileReference; lastKnownFileType = sourcecode.swift; path = MapViewController.swift; sourceTree = "<group>"; };
		67E228D52215141400AA4845 /* MapKit.framework */ = {isa = PBXFileReference; lastKnownFileType = wrapper.framework; name = MapKit.framework; path = System/Library/Frameworks/MapKit.framework; sourceTree = SDKROOT; };
		67E228D722152B9900AA4845 /* NewEateryTableViewController.swift */ = {isa = PBXFileReference; lastKnownFileType = sourcecode.swift; path = NewEateryTableViewController.swift; sourceTree = "<group>"; };
		67E228FA2216B5AD00AA4845 /* CoreDataStack.swift */ = {isa = PBXFileReference; lastKnownFileType = sourcecode.swift; path = CoreDataStack.swift; sourceTree = "<group>"; };
		67E228FD2216B6D600AA4845 /* Eateries.xcdatamodel */ = {isa = PBXFileReference; lastKnownFileType = wrapper.xcdatamodel; path = Eateries.xcdatamodel; sourceTree = "<group>"; };
/* End PBXFileReference section */

/* Begin PBXFrameworksBuildPhase section */
		67E228AD2211486F00AA4845 /* Frameworks */ = {
			isa = PBXFrameworksBuildPhase;
			buildActionMask = 2147483647;
			files = (
				67E228D62215141400AA4845 /* MapKit.framework in Frameworks */,
			);
			runOnlyForDeploymentPostprocessing = 0;
		};
/* End PBXFrameworksBuildPhase section */

/* Begin PBXGroup section */
		673D81E1221ADA59008F682A /* Page */ = {
			isa = PBXGroup;
			children = (
				673D81DD221ADA31008F682A /* ContentViewController.swift */,
				673D81DF221ADA4F008F682A /* PageViewController.swift */,
			);
			path = Page;
			sourceTree = "<group>";
		};
		67E228A72211486F00AA4845 = {
			isa = PBXGroup;
			children = (
				67E228B22211486F00AA4845 /* Eateries */,
				67E228B12211486F00AA4845 /* Products */,
				67E228D42215141400AA4845 /* Frameworks */,
			);
			sourceTree = "<group>";
		};
		67E228B12211486F00AA4845 /* Products */ = {
			isa = PBXGroup;
			children = (
				67E228B02211486F00AA4845 /* Eateries.app */,
			);
			name = Products;
			sourceTree = "<group>";
		};
		67E228B22211486F00AA4845 /* Eateries */ = {
			isa = PBXGroup;
			children = (
				67E228B32211486F00AA4845 /* AppDelegate.swift */,
				67E228FA2216B5AD00AA4845 /* CoreDataStack.swift */,
				67E228C52211499F00AA4845 /* EateriesTableViewController.swift */,
				67E228C722114E1700AA4845 /* EateriesTableViewCell.swift */,
				67E228FC2216B6D600AA4845 /* Eateries.xcdatamodeld */,
				673D81E2221BBAB5008F682A /* AboutTableViewController.swift */,
				673D81E4221BC0E7008F682A /* WebViewController.swift */,
				673D81E6221BD126008F682A /* PopularTableViewController.swift */,
				673D81E1221ADA59008F682A /* Page */,
				67E228CF2212975A00AA4845 /* Detail */,
				67E228D02213E60300AA4845 /* RateViewController.swift */,
				67E228D22215138A00AA4845 /* MapViewController.swift */,
				67E228D722152B9900AA4845 /* NewEateryTableViewController.swift */,
				67E228B72211486F00AA4845 /* Main.storyboard */,
				67E228BA2211487100AA4845 /* Assets.xcassets */,
				67E228BC2211487100AA4845 /* LaunchScreen.storyboard */,
				67E228BF2211487100AA4845 /* Info.plist */,
			);
			path = Eateries;
			sourceTree = "<group>";
		};
		67E228CF2212975A00AA4845 /* Detail */ = {
			isa = PBXGroup;
			children = (
				67E228C922128BB500AA4845 /* EateryDetailViewController.swift */,
				67E228CD2212972800AA4845 /* EateryDetailTableViewCell.swift */,
			);
			path = Detail;
			sourceTree = "<group>";
		};
		67E228D42215141400AA4845 /* Frameworks */ = {
			isa = PBXGroup;
			children = (
				67E228D52215141400AA4845 /* MapKit.framework */,
			);
			name = Frameworks;
			sourceTree = "<group>";
		};
/* End PBXGroup section */

/* Begin PBXNativeTarget section */
		67E228AF2211486F00AA4845 /* Eateries */ = {
			isa = PBXNativeTarget;
			buildConfigurationList = 67E228C22211487100AA4845 /* Build configuration list for PBXNativeTarget "Eateries" */;
			buildPhases = (
				67E228AC2211486F00AA4845 /* Sources */,
				67E228AD2211486F00AA4845 /* Frameworks */,
				67E228AE2211486F00AA4845 /* Resources */,
			);
			buildRules = (
			);
			dependencies = (
			);
			name = Eateries;
			productName = Eateries;
			productReference = 67E228B02211486F00AA4845 /* Eateries.app */;
			productType = "com.apple.product-type.application";
		};
/* End PBXNativeTarget section */

/* Begin PBXProject section */
		67E228A82211486F00AA4845 /* Project object */ = {
			isa = PBXProject;
			attributes = {
				LastSwiftUpdateCheck = 1010;
				LastUpgradeCheck = 1010;
				ORGANIZATIONNAME = "Nurtugan Nuraly";
				TargetAttributes = {
					67E228AF2211486F00AA4845 = {
						CreatedOnToolsVersion = 10.1;
						SystemCapabilities = {
							com.apple.Maps.iOS = {
								enabled = 1;
							};
						};
					};
				};
			};
			buildConfigurationList = 67E228AB2211486F00AA4845 /* Build configuration list for PBXProject "Eateries" */;
			compatibilityVersion = "Xcode 9.3";
			developmentRegion = en;
			hasScannedForEncodings = 0;
			knownRegions = (
				en,
				Base,
			);
			mainGroup = 67E228A72211486F00AA4845;
			productRefGroup = 67E228B12211486F00AA4845 /* Products */;
			projectDirPath = "";
			projectRoot = "";
			targets = (
				67E228AF2211486F00AA4845 /* Eateries */,
			);
		};
/* End PBXProject section */

/* Begin PBXResourcesBuildPhase section */
		67E228AE2211486F00AA4845 /* Resources */ = {
			isa = PBXResourcesBuildPhase;
			buildActionMask = 2147483647;
			files = (
				67E228BE2211487100AA4845 /* LaunchScreen.storyboard in Resources */,
				67E228BB2211487100AA4845 /* Assets.xcassets in Resources */,
				67E228B92211486F00AA4845 /* Main.storyboard in Resources */,
			);
			runOnlyForDeploymentPostprocessing = 0;
		};
/* End PBXResourcesBuildPhase section */

/* Begin PBXSourcesBuildPhase section */
		67E228AC2211486F00AA4845 /* Sources */ = {
			isa = PBXSourcesBuildPhase;
			buildActionMask = 2147483647;
			files = (
				67E228CE2212972800AA4845 /* EateryDetailTableViewCell.swift in Sources */,
				673D81E3221BBAB5008F682A /* AboutTableViewController.swift in Sources */,
				67E228FE2216B6D600AA4845 /* Eateries.xcdatamodeld in Sources */,
				67E228B42211486F00AA4845 /* AppDelegate.swift in Sources */,
				673D81E0221ADA4F008F682A /* PageViewController.swift in Sources */,
				67E228C62211499F00AA4845 /* EateriesTableViewController.swift in Sources */,
				67E228CA22128BB500AA4845 /* EateryDetailViewController.swift in Sources */,
				67E228FB2216B5AD00AA4845 /* CoreDataStack.swift in Sources */,
				67E228C822114E1700AA4845 /* EateriesTableViewCell.swift in Sources */,
				67E228D822152B9900AA4845 /* NewEateryTableViewController.swift in Sources */,
				673D81DE221ADA31008F682A /* ContentViewController.swift in Sources */,
				673D81E5221BC0E7008F682A /* WebViewController.swift in Sources */,
				67E228D12213E60300AA4845 /* RateViewController.swift in Sources */,
				67E228D32215138A00AA4845 /* MapViewController.swift in Sources */,
				673D81E7221BD126008F682A /* PopularTableViewController.swift in Sources */,
			);
			runOnlyForDeploymentPostprocessing = 0;
		};
/* End PBXSourcesBuildPhase section */

/* Begin PBXVariantGroup section */
		67E228B72211486F00AA4845 /* Main.storyboard */ = {
			isa = PBXVariantGroup;
			children = (
				67E228B82211486F00AA4845 /* Base */,
			);
			name = Main.storyboard;
			sourceTree = "<group>";
		};
		67E228BC2211487100AA4845 /* LaunchScreen.storyboard */ = {
			isa = PBXVariantGroup;
			children = (
				67E228BD2211487100AA4845 /* Base */,
			);
			name = LaunchScreen.storyboard;
			sourceTree = "<group>";
		};
/* End PBXVariantGroup section */

/* Begin XCBuildConfiguration section */
		67E228C02211487100AA4845 /* Debug */ = {
			isa = XCBuildConfiguration;
			buildSettings = {
				ALWAYS_SEARCH_USER_PATHS = NO;
				CLANG_ANALYZER_NONNULL = YES;
				CLANG_ANALYZER_NUMBER_OBJECT_CONVERSION = YES_AGGRESSIVE;
				CLANG_CXX_LANGUAGE_STANDARD = "gnu++14";
				CLANG_CXX_LIBRARY = "libc++";
				CLANG_ENABLE_MODULES = YES;
				CLANG_ENABLE_OBJC_ARC = YES;
				CLANG_ENABLE_OBJC_WEAK = YES;
				CLANG_WARN_BLOCK_CAPTURE_AUTORELEASING = YES;
				CLANG_WARN_BOOL_CONVERSION = YES;
				CLANG_WARN_COMMA = YES;
				CLANG_WARN_CONSTANT_CONVERSION = YES;
				CLANG_WARN_DEPRECATED_OBJC_IMPLEMENTATIONS = YES;
				CLANG_WARN_DIRECT_OBJC_ISA_USAGE = YES_ERROR;
				CLANG_WARN_DOCUMENTATION_COMMENTS = YES;
				CLANG_WARN_EMPTY_BODY = YES;
				CLANG_WARN_ENUM_CONVERSION = YES;
				CLANG_WARN_INFINITE_RECURSION = YES;
				CLANG_WARN_INT_CONVERSION = YES;
				CLANG_WARN_NON_LITERAL_NULL_CONVERSION = YES;
				CLANG_WARN_OBJC_IMPLICIT_RETAIN_SELF = YES;
				CLANG_WARN_OBJC_LITERAL_CONVERSION = YES;
				CLANG_WARN_OBJC_ROOT_CLASS = YES_ERROR;
				CLANG_WARN_RANGE_LOOP_ANALYSIS = YES;
				CLANG_WARN_STRICT_PROTOTYPES = YES;
				CLANG_WARN_SUSPICIOUS_MOVE = YES;
				CLANG_WARN_UNGUARDED_AVAILABILITY = YES_AGGRESSIVE;
				CLANG_WARN_UNREACHABLE_CODE = YES;
				CLANG_WARN__DUPLICATE_METHOD_MATCH = YES;
				CODE_SIGN_IDENTITY = "iPhone Developer";
				COPY_PHASE_STRIP = NO;
				DEBUG_INFORMATION_FORMAT = dwarf;
				ENABLE_STRICT_OBJC_MSGSEND = YES;
				ENABLE_TESTABILITY = YES;
				GCC_C_LANGUAGE_STANDARD = gnu11;
				GCC_DYNAMIC_NO_PIC = NO;
				GCC_NO_COMMON_BLOCKS = YES;
				GCC_OPTIMIZATION_LEVEL = 0;
				GCC_PREPROCESSOR_DEFINITIONS = (
					"DEBUG=1",
					"$(inherited)",
				);
				GCC_WARN_64_TO_32_BIT_CONVERSION = YES;
				GCC_WARN_ABOUT_RETURN_TYPE = YES_ERROR;
				GCC_WARN_UNDECLARED_SELECTOR = YES;
				GCC_WARN_UNINITIALIZED_AUTOS = YES_AGGRESSIVE;
				GCC_WARN_UNUSED_FUNCTION = YES;
				GCC_WARN_UNUSED_VARIABLE = YES;
				IPHONEOS_DEPLOYMENT_TARGET = 12.1;
				MTL_ENABLE_DEBUG_INFO = INCLUDE_SOURCE;
				MTL_FAST_MATH = YES;
				ONLY_ACTIVE_ARCH = YES;
				SDKROOT = iphoneos;
				SWIFT_ACTIVE_COMPILATION_CONDITIONS = DEBUG;
				SWIFT_OPTIMIZATION_LEVEL = "-Onone";
			};
			name = Debug;
		};
		67E228C12211487100AA4845 /* Release */ = {
			isa = XCBuildConfiguration;
			buildSettings = {
				ALWAYS_SEARCH_USER_PATHS = NO;
				CLANG_ANALYZER_NONNULL = YES;
				CLANG_ANALYZER_NUMBER_OBJECT_CONVERSION = YES_AGGRESSIVE;
				CLANG_CXX_LANGUAGE_STANDARD = "gnu++14";
				CLANG_CXX_LIBRARY = "libc++";
				CLANG_ENABLE_MODULES = YES;
				CLANG_ENABLE_OBJC_ARC = YES;
				CLANG_ENABLE_OBJC_WEAK = YES;
				CLANG_WARN_BLOCK_CAPTURE_AUTORELEASING = YES;
				CLANG_WARN_BOOL_CONVERSION = YES;
				CLANG_WARN_COMMA = YES;
				CLANG_WARN_CONSTANT_CONVERSION = YES;
				CLANG_WARN_DEPRECATED_OBJC_IMPLEMENTATIONS = YES;
				CLANG_WARN_DIRECT_OBJC_ISA_USAGE = YES_ERROR;
				CLANG_WARN_DOCUMENTATION_COMMENTS = YES;
				CLANG_WARN_EMPTY_BODY = YES;
				CLANG_WARN_ENUM_CONVERSION = YES;
				CLANG_WARN_INFINITE_RECURSION = YES;
				CLANG_WARN_INT_CONVERSION = YES;
				CLANG_WARN_NON_LITERAL_NULL_CONVERSION = YES;
				CLANG_WARN_OBJC_IMPLICIT_RETAIN_SELF = YES;
				CLANG_WARN_OBJC_LITERAL_CONVERSION = YES;
				CLANG_WARN_OBJC_ROOT_CLASS = YES_ERROR;
				CLANG_WARN_RANGE_LOOP_ANALYSIS = YES;
				CLANG_WARN_STRICT_PROTOTYPES = YES;
				CLANG_WARN_SUSPICIOUS_MOVE = YES;
				CLANG_WARN_UNGUARDED_AVAILABILITY = YES_AGGRESSIVE;
				CLANG_WARN_UNREACHABLE_CODE = YES;
				CLANG_WARN__DUPLICATE_METHOD_MATCH = YES;
				CODE_SIGN_IDENTITY = "iPhone Developer";
				COPY_PHASE_STRIP = NO;
				DEBUG_INFORMATION_FORMAT = "dwarf-with-dsym";
				ENABLE_NS_ASSERTIONS = NO;
				ENABLE_STRICT_OBJC_MSGSEND = YES;
				GCC_C_LANGUAGE_STANDARD = gnu11;
				GCC_NO_COMMON_BLOCKS = YES;
				GCC_WARN_64_TO_32_BIT_CONVERSION = YES;
				GCC_WARN_ABOUT_RETURN_TYPE = YES_ERROR;
				GCC_WARN_UNDECLARED_SELECTOR = YES;
				GCC_WARN_UNINITIALIZED_AUTOS = YES_AGGRESSIVE;
				GCC_WARN_UNUSED_FUNCTION = YES;
				GCC_WARN_UNUSED_VARIABLE = YES;
				IPHONEOS_DEPLOYMENT_TARGET = 12.1;
				MTL_ENABLE_DEBUG_INFO = NO;
				MTL_FAST_MATH = YES;
				SDKROOT = iphoneos;
				SWIFT_COMPILATION_MODE = wholemodule;
				SWIFT_OPTIMIZATION_LEVEL = "-O";
				VALIDATE_PRODUCT = YES;
			};
			name = Release;
		};
		67E228C32211487100AA4845 /* Debug */ = {
			isa = XCBuildConfiguration;
			buildSettings = {
				ASSETCATALOG_COMPILER_APPICON_NAME = AppIcon;
				CODE_SIGN_STYLE = Automatic;
				DEVELOPMENT_TEAM = 59RC4ML6AP;
				INFOPLIST_FILE = Eateries/Info.plist;
				LD_RUNPATH_SEARCH_PATHS = (
					"$(inherited)",
					"@executable_path/Frameworks",
				);
				PRODUCT_BUNDLE_IDENTIFIER = edu.self.nurtugan.Eateries;
				PRODUCT_NAME = "$(TARGET_NAME)";
				SWIFT_VERSION = 4.2;
				TARGETED_DEVICE_FAMILY = "1,2";
			};
			name = Debug;
		};
		67E228C42211487100AA4845 /* Release */ = {
			isa = XCBuildConfiguration;
			buildSettings = {
				ASSETCATALOG_COMPILER_APPICON_NAME = AppIcon;
				CODE_SIGN_STYLE = Automatic;
				DEVELOPMENT_TEAM = 59RC4ML6AP;
				INFOPLIST_FILE = Eateries/Info.plist;
				LD_RUNPATH_SEARCH_PATHS = (
					"$(inherited)",
					"@executable_path/Frameworks",
				);
				PRODUCT_BUNDLE_IDENTIFIER = edu.self.nurtugan.Eateries;
				PRODUCT_NAME = "$(TARGET_NAME)";
				SWIFT_VERSION = 4.2;
				TARGETED_DEVICE_FAMILY = "1,2";
			};
			name = Release;
		};
/* End XCBuildConfiguration section */

/* Begin XCConfigurationList section */
		67E228AB2211486F00AA4845 /* Build configuration list for PBXProject "Eateries" */ = {
			isa = XCConfigurationList;
			buildConfigurations = (
				67E228C02211487100AA4845 /* Debug */,
				67E228C12211487100AA4845 /* Release */,
			);
			defaultConfigurationIsVisible = 0;
			defaultConfigurationName = Release;
		};
		67E228C22211487100AA4845 /* Build configuration list for PBXNativeTarget "Eateries" */ = {
			isa = XCConfigurationList;
			buildConfigurations = (
				67E228C32211487100AA4845 /* Debug */,
				67E228C42211487100AA4845 /* Release */,
			);
			defaultConfigurationIsVisible = 0;
			defaultConfigurationName = Release;
		};
/* End XCConfigurationList section */

/* Begin XCVersionGroup section */
		67E228FC2216B6D600AA4845 /* Eateries.xcdatamodeld */ = {
			isa = XCVersionGroup;
			children = (
				67E228FD2216B6D600AA4845 /* Eateries.xcdatamodel */,
			);
			currentVersion = 67E228FD2216B6D600AA4845 /* Eateries.xcdatamodel */;
			path = Eateries.xcdatamodeld;
			sourceTree = "<group>";
			versionGroupType = wrapper.xcdatamodel;
		};
/* End XCVersionGroup section */
	};
	rootObject = 67E228A82211486F00AA4845 /* Project object */;
}
